
Microsoft Visual Studio Solution File, Format Version 12.00
# Visual Studio 15
VisualStudioVersion = 15.0.27004.2009
MinimumVisualStudioVersion = 10.0.40219.1
Project("{FAE04EC0-301F-11D3-BF4B-00C04F79EFBC}") = "loginRegister_sisstem", "loginRegister_sisstem\loginRegister_sisstem.csproj", "{A2009BC7-7598-4E85-BEB8-A5B7D6DCD41F}"
EndProject
Global
	GlobalSection(SolutionConfigurationPlatforms) = preSolution
		Debug|Any CPU = Debug|Any CPU
		Release|Any CPU = Release|Any CPU
	EndGlobalSection
	GlobalSection(ProjectConfigurationPlatforms) = postSolution
		{A2009BC7-7598-4E85-BEB8-A5B7D6DCD41F}.Debug|Any CPU.ActiveCfg = Debug|Any CPU
		{A2009BC7-7598-4E85-BEB8-A5B7D6DCD41F}.Debug|Any CPU.Build.0 = Debug|Any CPU
		{A2009BC7-7598-4E85-BEB8-A5B7D6DCD41F}.Release|Any CPU.ActiveCfg = Release|Any CPU
		{A2009BC7-7598-4E85-BEB8-A5B7D6DCD41F}.Release|Any CPU.Build.0 = Release|Any CPU
	EndGlobalSection
	GlobalSection(SolutionProperties) = preSolution
		HideSolutionNode = FALSE
	EndGlobalSection
	GlobalSection(ExtensibilityGlobals) = postSolution
		SolutionGuid = {D13081CD-0BB2-4B33-BF8F-68483F8A2F29}
	EndGlobalSection
EndGlobal
